{
  "name": "zlst-template",
  "version": "1.0.0",
  "lockfileVersion": 1,
  "requires": true,
  "dependencies": {
    "@vant/weapp": {
      "version": "1.6.1",
      "resolved": "http://npm.cs2025.com/@vant%2fweapp/-/weapp-1.6.1.tgz",
      "integrity": "sha1-AcbzlcCmf1a4yq42pVHSaLH+BgU="
    }
  }
}
